
Microsoft Visual Studio Solution File, Format Version 12.00
# Visual Studio Version 16
VisualStudioVersion = 16.0.31025.194
MinimumVisualStudioVersion = 10.0.40219.1
Project("{9A19103F-16F7-4668-BE54-9A1E7A4F7556}") = "FullstackMVC", "FullstackMVC\FullstackMVC.csproj", "{8AE11B15-9D2C-4CD9-AF7C-01CD6BE3B62D}"
EndProject
Project("{FAE04EC0-301F-11D3-BF4B-00C04F79EFBC}") = "FullstackMVCTests", "FullstackMVCTests\FullstackMVCTests.csproj", "{23839991-914D-4C7A-BEA6-6A85122DBD03}"
EndProject
Global
	GlobalSection(SolutionConfigurationPlatforms) = preSolution
		Debug|Any CPU = Debug|Any CPU
		Release|Any CPU = Release|Any CPU
	EndGlobalSection
	GlobalSection(ProjectConfigurationPlatforms) = postSolution
		{8AE11B15-9D2C-4CD9-AF7C-01CD6BE3B62D}.Debug|Any CPU.ActiveCfg = Debug|Any CPU
		{8AE11B15-9D2C-4CD9-AF7C-01CD6BE3B62D}.Debug|Any CPU.Build.0 = Debug|Any CPU
		{8AE11B15-9D2C-4CD9-AF7C-01CD6BE3B62D}.Release|Any CPU.ActiveCfg = Release|Any CPU
		{8AE11B15-9D2C-4CD9-AF7C-01CD6BE3B62D}.Release|Any CPU.Build.0 = Release|Any CPU
		{23839991-914D-4C7A-BEA6-6A85122DBD03}.Debug|Any CPU.ActiveCfg = Debug|Any CPU
		{23839991-914D-4C7A-BEA6-6A85122DBD03}.Debug|Any CPU.Build.0 = Debug|Any CPU
		{23839991-914D-4C7A-BEA6-6A85122DBD03}.Release|Any CPU.ActiveCfg = Release|Any CPU
		{23839991-914D-4C7A-BEA6-6A85122DBD03}.Release|Any CPU.Build.0 = Release|Any CPU
	EndGlobalSection
	GlobalSection(SolutionProperties) = preSolution
		HideSolutionNode = FALSE
	EndGlobalSection
	GlobalSection(ExtensibilityGlobals) = postSolution
		SolutionGuid = {96ED16E7-0514-4AE2-BF60-28CECFCC8E92}
	EndGlobalSection
EndGlobal
